
Microsoft Visual Studio Solution File, Format Version 12.00
# Visual Studio Version 16
VisualStudioVersion = 16.0.33214.272
MinimumVisualStudioVersion = 10.0.40219.1
Project("{FAE04EC0-301F-11D3-BF4B-00C04F79EFBC}") = "filters3", "filters3.csproj", "{51693019-6F1C-4B6D-B1E7-198906116FC8}"
EndProject
Global
	GlobalSection(SolutionConfigurationPlatforms) = preSolution
		Debug|Any CPU = Debug|Any CPU
		Release|Any CPU = Release|Any CPU
	EndGlobalSection
	GlobalSection(ProjectConfigurationPlatforms) = postSolution
		{51693019-6F1C-4B6D-B1E7-198906116FC8}.Debug|Any CPU.ActiveCfg = Debug|Any CPU
		{51693019-6F1C-4B6D-B1E7-198906116FC8}.Debug|Any CPU.Build.0 = Debug|Any CPU
		{51693019-6F1C-4B6D-B1E7-198906116FC8}.Release|Any CPU.ActiveCfg = Release|Any CPU
		{51693019-6F1C-4B6D-B1E7-198906116FC8}.Release|Any CPU.Build.0 = Release|Any CPU
	EndGlobalSection
	GlobalSection(SolutionProperties) = preSolution
		HideSolutionNode = FALSE
	EndGlobalSection
	GlobalSection(ExtensibilityGlobals) = postSolution
		SolutionGuid = {14BC8077-E4CF-42E7-B8D8-F1D89D42BC3F}
	EndGlobalSection
EndGlobal
